
Microsoft Visual Studio Solution File, Format Version 12.00
# Visual Studio Version 17
VisualStudioVersion = 17.1.32210.238
MinimumVisualStudioVersion = 10.0.40219.1
Project("{FAE04EC0-301F-11D3-BF4B-00C04F79EFBC}") = "Generics_FinalTest", "Generics_FinalTest\Generics_FinalTest.csproj", "{0D824208-A5B5-4751-84B5-F5C91E2A11DE}"
EndProject
Global
	GlobalSection(SolutionConfigurationPlatforms) = preSolution
		Debug|Any CPU = Debug|Any CPU
		Release|Any CPU = Release|Any CPU
	EndGlobalSection
	GlobalSection(ProjectConfigurationPlatforms) = postSolution
		{0D824208-A5B5-4751-84B5-F5C91E2A11DE}.Debug|Any CPU.ActiveCfg = Debug|Any CPU
		{0D824208-A5B5-4751-84B5-F5C91E2A11DE}.Debug|Any CPU.Build.0 = Debug|Any CPU
		{0D824208-A5B5-4751-84B5-F5C91E2A11DE}.Release|Any CPU.ActiveCfg = Release|Any CPU
		{0D824208-A5B5-4751-84B5-F5C91E2A11DE}.Release|Any CPU.Build.0 = Release|Any CPU
	EndGlobalSection
	GlobalSection(SolutionProperties) = preSolution
		HideSolutionNode = FALSE
	EndGlobalSection
	GlobalSection(ExtensibilityGlobals) = postSolution
		SolutionGuid = {0DA45259-6E68-4544-9AD2-D11F11F371CC}
	EndGlobalSection
EndGlobal
